
Microsoft Visual Studio Solution File, Format Version 12.00
# Visual Studio 15
VisualStudioVersion = 15.0.27130.2036
MinimumVisualStudioVersion = 10.0.40219.1
Project("{FAE04EC0-301F-11D3-BF4B-00C04F79EFBC}") = "WinFormsWCF_TournamentGenerator", "WinFormsWCF_TournamentGenerator\WinFormsWCF_TournamentGenerator.csproj", "{0CB782F7-D93E-45FB-B139-E65406262624}"
	ProjectSection(ProjectDependencies) = postProject
		{4122EF44-4BD1-48D5-B267-E2645702934B} = {4122EF44-4BD1-48D5-B267-E2645702934B}
	EndProjectSection
EndProject
Project("{FAE04EC0-301F-11D3-BF4B-00C04F79EFBC}") = "WcfToDbTournamentGenerator", "WcfToDbTournamentGenerator\WcfToDbTournamentGenerator.csproj", "{4122EF44-4BD1-48D5-B267-E2645702934B}"
EndProject
Global
	GlobalSection(SolutionConfigurationPlatforms) = preSolution
		Debug|Any CPU = Debug|Any CPU
		Release|Any CPU = Release|Any CPU
	EndGlobalSection
	GlobalSection(ProjectConfigurationPlatforms) = postSolution
		{0CB782F7-D93E-45FB-B139-E65406262624}.Debug|Any CPU.ActiveCfg = Debug|Any CPU
		{0CB782F7-D93E-45FB-B139-E65406262624}.Debug|Any CPU.Build.0 = Debug|Any CPU
		{0CB782F7-D93E-45FB-B139-E65406262624}.Release|Any CPU.ActiveCfg = Release|Any CPU
		{0CB782F7-D93E-45FB-B139-E65406262624}.Release|Any CPU.Build.0 = Release|Any CPU
		{4122EF44-4BD1-48D5-B267-E2645702934B}.Debug|Any CPU.ActiveCfg = Debug|Any CPU
		{4122EF44-4BD1-48D5-B267-E2645702934B}.Debug|Any CPU.Build.0 = Debug|Any CPU
		{4122EF44-4BD1-48D5-B267-E2645702934B}.Release|Any CPU.ActiveCfg = Release|Any CPU
		{4122EF44-4BD1-48D5-B267-E2645702934B}.Release|Any CPU.Build.0 = Release|Any CPU
	EndGlobalSection
	GlobalSection(SolutionProperties) = preSolution
		HideSolutionNode = FALSE
	EndGlobalSection
	GlobalSection(ExtensibilityGlobals) = postSolution
		SolutionGuid = {42E1EC6D-47E8-4A6F-AFDA-7F15B194A376}
	EndGlobalSection
EndGlobal
